
Microsoft Visual Studio Solution File, Format Version 12.00
# Visual Studio 14
VisualStudioVersion = 14.0.25420.1
MinimumVisualStudioVersion = 10.0.40219.1
Project("{2150E333-8FDC-42A3-9474-1A3956D46DE8}") = "Solution Items", "Solution Items", "{AA8391E3-4A8E-4B8F-BCB7-3C5E61167395}"
	ProjectSection(SolutionItems) = preProject
		Nuget.config = Nuget.config
	EndProjectSection
EndProject
Project("{FAE04EC0-301F-11D3-BF4B-00C04F79EFBC}") = "LH.Forcas", "LH.Forcas\LH.Forcas\LH.Forcas.csproj", "{5EDC3600-B3AE-471C-A4BE-6DFC7E359EC9}"
EndProject
Project("{FAE04EC0-301F-11D3-BF4B-00C04F79EFBC}") = "LH.Forcas.Droid", "LH.Forcas\LH.Forcas.Droid\LH.Forcas.Droid.csproj", "{6774E44E-9965-410F-86FA-0BE4F9834A42}"
EndProject
Project("{FAE04EC0-301F-11D3-BF4B-00C04F79EFBC}") = "LH.Forcas.iOS", "LH.Forcas\LH.Forcas.iOS\LH.Forcas.iOS.csproj", "{BB2A8E32-70C9-4B09-9A95-6643805CC77C}"
EndProject
Project("{FAE04EC0-301F-11D3-BF4B-00C04F79EFBC}") = "LH.Forcas.WinPhone", "LH.Forcas\LH.Forcas.WinPhone\LH.Forcas.WinPhone.csproj", "{8A9972B5-A90E-4140-A6B3-F84584A1BDFC}"
EndProject
Project("{FAE04EC0-301F-11D3-BF4B-00C04F79EFBC}") = "LH.Forcas.UWP", "LH.Forcas\LH.Forcas.UWP\LH.Forcas.UWP.csproj", "{6A314E73-C17B-494E-B02E-0E0CFE358A35}"
EndProject
Project("{FAE04EC0-301F-11D3-BF4B-00C04F79EFBC}") = "LH.Forcas.Windows", "LH.Forcas\LH.Forcas.Windows\LH.Forcas.Windows.csproj", "{EF30743B-9BC4-4A8F-BA17-5DBBF9976877}"
EndProject
Project("{FAE04EC0-301F-11D3-BF4B-00C04F79EFBC}") = "LH.Forcas.Tests", "LH.Forcas.Tests\LH.Forcas.Tests.csproj", "{8B8DEB02-ABA7-4C02-905B-038B182FF985}"
EndProject
Project("{2150E333-8FDC-42A3-9474-1A3956D46DE8}") = "Core", "Core", "{BE797E1E-A3C9-4991-B5CA-1B1D328F67A1}"
EndProject
Global
	GlobalSection(SolutionConfigurationPlatforms) = preSolution
		Ad-Hoc|Any CPU = Ad-Hoc|Any CPU
		Ad-Hoc|ARM = Ad-Hoc|ARM
		Ad-Hoc|iPhone = Ad-Hoc|iPhone
		Ad-Hoc|iPhoneSimulator = Ad-Hoc|iPhoneSimulator
		Ad-Hoc|x64 = Ad-Hoc|x64
		Ad-Hoc|x86 = Ad-Hoc|x86
		AppStore|Any CPU = AppStore|Any CPU
		AppStore|ARM = AppStore|ARM
		AppStore|iPhone = AppStore|iPhone
		AppStore|iPhoneSimulator = AppStore|iPhoneSimulator
		AppStore|x64 = AppStore|x64
		AppStore|x86 = AppStore|x86
		Debug|Any CPU = Debug|Any CPU
		Debug|ARM = Debug|ARM
		Debug|iPhone = Debug|iPhone
		Debug|iPhoneSimulator = Debug|iPhoneSimulator
		Debug|x64 = Debug|x64
		Debug|x86 = Debug|x86
		Release|Any CPU = Release|Any CPU
		Release|ARM = Release|ARM
		Release|iPhone = Release|iPhone
		Release|iPhoneSimulator = Release|iPhoneSimulator
		Release|x64 = Release|x64
		Release|x86 = Release|x86
		VSTS-iOS|Any CPU = VSTS-iOS|Any CPU
		VSTS-iOS|ARM = VSTS-iOS|ARM
		VSTS-iOS|iPhone = VSTS-iOS|iPhone
		VSTS-iOS|iPhoneSimulator = VSTS-iOS|iPhoneSimulator
		VSTS-iOS|x64 = VSTS-iOS|x64
		VSTS-iOS|x86 = VSTS-iOS|x86
		VSTS-Win|Any CPU = VSTS-Win|Any CPU
		VSTS-Win|ARM = VSTS-Win|ARM
		VSTS-Win|iPhone = VSTS-Win|iPhone
		VSTS-Win|iPhoneSimulator = VSTS-Win|iPhoneSimulator
		VSTS-Win|x64 = VSTS-Win|x64
		VSTS-Win|x86 = VSTS-Win|x86
	EndGlobalSection
	GlobalSection(ProjectConfigurationPlatforms) = postSolution
		{5EDC3600-B3AE-471C-A4BE-6DFC7E359EC9}.Ad-Hoc|Any CPU.ActiveCfg = Release|Any CPU
		{5EDC3600-B3AE-471C-A4BE-6DFC7E359EC9}.Ad-Hoc|Any CPU.Build.0 = Release|Any CPU
		{5EDC3600-B3AE-471C-A4BE-6DFC7E359EC9}.Ad-Hoc|ARM.ActiveCfg = Release|Any CPU
		{5EDC3600-B3AE-471C-A4BE-6DFC7E359EC9}.Ad-Hoc|ARM.Build.0 = Release|Any CPU
		{5EDC3600-B3AE-471C-A4BE-6DFC7E359EC9}.Ad-Hoc|iPhone.ActiveCfg = Release|Any CPU
		{5EDC3600-B3AE-471C-A4BE-6DFC7E359EC9}.Ad-Hoc|iPhone.Build.0 = Release|Any CPU
		{5EDC3600-B3AE-471C-A4BE-6DFC7E359EC9}.Ad-Hoc|iPhoneSimulator.ActiveCfg = Release|Any CPU
		{5EDC3600-B3AE-471C-A4BE-6DFC7E359EC9}.Ad-Hoc|iPhoneSimulator.Build.0 = Release|Any CPU
		{5EDC3600-B3AE-471C-A4BE-6DFC7E359EC9}.Ad-Hoc|x64.ActiveCfg = Release|Any CPU
		{5EDC3600-B3AE-471C-A4BE-6DFC7E359EC9}.Ad-Hoc|x64.Build.0 = Release|Any CPU
		{5EDC3600-B3AE-471C-A4BE-6DFC7E359EC9}.Ad-Hoc|x86.ActiveCfg = Release|Any CPU
		{5EDC3600-B3AE-471C-A4BE-6DFC7E359EC9}.Ad-Hoc|x86.Build.0 = Release|Any CPU
		{5EDC3600-B3AE-471C-A4BE-6DFC7E359EC9}.AppStore|Any CPU.ActiveCfg = Release|Any CPU
		{5EDC3600-B3AE-471C-A4BE-6DFC7E359EC9}.AppStore|Any CPU.Build.0 = Release|Any CPU
		{5EDC3600-B3AE-471C-A4BE-6DFC7E359EC9}.AppStore|ARM.ActiveCfg = Release|Any CPU
		{5EDC3600-B3AE-471C-A4BE-6DFC7E359EC9}.AppStore|ARM.Build.0 = Release|Any CPU
		{5EDC3600-B3AE-471C-A4BE-6DFC7E359EC9}.AppStore|iPhone.ActiveCfg = Release|Any CPU
		{5EDC3600-B3AE-471C-A4BE-6DFC7E359EC9}.AppStore|iPhone.Build.0 = Release|Any CPU
		{5EDC3600-B3AE-471C-A4BE-6DFC7E359EC9}.AppStore|iPhoneSimulator.ActiveCfg = Release|Any CPU
		{5EDC3600-B3AE-471C-A4BE-6DFC7E359EC9}.AppStore|iPhoneSimulator.Build.0 = Release|Any CPU
		{5EDC3600-B3AE-471C-A4BE-6DFC7E359EC9}.AppStore|x64.ActiveCfg = Release|Any CPU
		{5EDC3600-B3AE-471C-A4BE-6DFC7E359EC9}.AppStore|x64.Build.0 = Release|Any CPU
		{5EDC3600-B3AE-471C-A4BE-6DFC7E359EC9}.AppStore|x86.ActiveCfg = Release|Any CPU
		{5EDC3600-B3AE-471C-A4BE-6DFC7E359EC9}.AppStore|x86.Build.0 = Release|Any CPU
		{5EDC3600-B3AE-471C-A4BE-6DFC7E359EC9}.Debug|Any CPU.ActiveCfg = Debug|Any CPU
		{5EDC3600-B3AE-471C-A4BE-6DFC7E359EC9}.Debug|Any CPU.Build.0 = Debug|Any CPU
		{5EDC3600-B3AE-471C-A4BE-6DFC7E359EC9}.Debug|ARM.ActiveCfg = Debug|Any CPU
		{5EDC3600-B3AE-471C-A4BE-6DFC7E359EC9}.Debug|ARM.Build.0 = Debug|Any CPU
		{5EDC3600-B3AE-471C-A4BE-6DFC7E359EC9}.Debug|iPhone.ActiveCfg = Debug|Any CPU
		{5EDC3600-B3AE-471C-A4BE-6DFC7E359EC9}.Debug|iPhone.Build.0 = Debug|Any CPU
		{5EDC3600-B3AE-471C-A4BE-6DFC7E359EC9}.Debug|iPhoneSimulator.ActiveCfg = Debug|Any CPU
		{5EDC3600-B3AE-471C-A4BE-6DFC7E359EC9}.Debug|iPhoneSimulator.Build.0 = Debug|Any CPU
		{5EDC3600-B3AE-471C-A4BE-6DFC7E359EC9}.Debug|x64.ActiveCfg = Debug|Any CPU
		{5EDC3600-B3AE-471C-A4BE-6DFC7E359EC9}.Debug|x64.Build.0 = Debug|Any CPU
		{5EDC3600-B3AE-471C-A4BE-6DFC7E359EC9}.Debug|x86.ActiveCfg = Debug|Any CPU
		{5EDC3600-B3AE-471C-A4BE-6DFC7E359EC9}.Debug|x86.Build.0 = Debug|Any CPU
		{5EDC3600-B3AE-471C-A4BE-6DFC7E359EC9}.Release|Any CPU.ActiveCfg = Release|Any CPU
		{5EDC3600-B3AE-471C-A4BE-6DFC7E359EC9}.Release|Any CPU.Build.0 = Release|Any CPU
		{5EDC3600-B3AE-471C-A4BE-6DFC7E359EC9}.Release|ARM.ActiveCfg = Release|Any CPU
		{5EDC3600-B3AE-471C-A4BE-6DFC7E359EC9}.Release|ARM.Build.0 = Release|Any CPU
		{5EDC3600-B3AE-471C-A4BE-6DFC7E359EC9}.Release|iPhone.ActiveCfg = Release|Any CPU
		{5EDC3600-B3AE-471C-A4BE-6DFC7E359EC9}.Release|iPhone.Build.0 = Release|Any CPU
		{5EDC3600-B3AE-471C-A4BE-6DFC7E359EC9}.Release|iPhoneSimulator.ActiveCfg = Release|Any CPU
		{5EDC3600-B3AE-471C-A4BE-6DFC7E359EC9}.Release|iPhoneSimulator.Build.0 = Release|Any CPU
		{5EDC3600-B3AE-471C-A4BE-6DFC7E359EC9}.Release|x64.ActiveCfg = Release|Any CPU
		{5EDC3600-B3AE-471C-A4BE-6DFC7E359EC9}.Release|x64.Build.0 = Release|Any CPU
		{5EDC3600-B3AE-471C-A4BE-6DFC7E359EC9}.Release|x86.ActiveCfg = Release|Any CPU
		{5EDC3600-B3AE-471C-A4BE-6DFC7E359EC9}.Release|x86.Build.0 = Release|Any CPU
		{5EDC3600-B3AE-471C-A4BE-6DFC7E359EC9}.VSTS-iOS|Any CPU.ActiveCfg = VSTS-iOS|Any CPU
		{5EDC3600-B3AE-471C-A4BE-6DFC7E359EC9}.VSTS-iOS|Any CPU.Build.0 = VSTS-iOS|Any CPU
		{5EDC3600-B3AE-471C-A4BE-6DFC7E359EC9}.VSTS-iOS|ARM.ActiveCfg = VSTS-iOS|Any CPU
		{5EDC3600-B3AE-471C-A4BE-6DFC7E359EC9}.VSTS-iOS|ARM.Build.0 = VSTS-iOS|Any CPU
		{5EDC3600-B3AE-471C-A4BE-6DFC7E359EC9}.VSTS-iOS|iPhone.ActiveCfg = VSTS-iOS|Any CPU
		{5EDC3600-B3AE-471C-A4BE-6DFC7E359EC9}.VSTS-iOS|iPhone.Build.0 = VSTS-iOS|Any CPU
		{5EDC3600-B3AE-471C-A4BE-6DFC7E359EC9}.VSTS-iOS|iPhoneSimulator.ActiveCfg = VSTS-iOS|Any CPU
		{5EDC3600-B3AE-471C-A4BE-6DFC7E359EC9}.VSTS-iOS|iPhoneSimulator.Build.0 = VSTS-iOS|Any CPU
		{5EDC3600-B3AE-471C-A4BE-6DFC7E359EC9}.VSTS-iOS|x64.ActiveCfg = VSTS-iOS|Any CPU
		{5EDC3600-B3AE-471C-A4BE-6DFC7E359EC9}.VSTS-iOS|x64.Build.0 = VSTS-iOS|Any CPU
		{5EDC3600-B3AE-471C-A4BE-6DFC7E359EC9}.VSTS-iOS|x86.ActiveCfg = VSTS-iOS|Any CPU
		{5EDC3600-B3AE-471C-A4BE-6DFC7E359EC9}.VSTS-iOS|x86.Build.0 = VSTS-iOS|Any CPU
		{5EDC3600-B3AE-471C-A4BE-6DFC7E359EC9}.VSTS-Win|Any CPU.ActiveCfg = VSTS-Win|Any CPU
		{5EDC3600-B3AE-471C-A4BE-6DFC7E359EC9}.VSTS-Win|Any CPU.Build.0 = VSTS-Win|Any CPU
		{5EDC3600-B3AE-471C-A4BE-6DFC7E359EC9}.VSTS-Win|ARM.ActiveCfg = VSTS-Win|Any CPU
		{5EDC3600-B3AE-471C-A4BE-6DFC7E359EC9}.VSTS-Win|ARM.Build.0 = VSTS-Win|Any CPU
		{5EDC3600-B3AE-471C-A4BE-6DFC7E359EC9}.VSTS-Win|iPhone.ActiveCfg = VSTS-Win|Any CPU
		{5EDC3600-B3AE-471C-A4BE-6DFC7E359EC9}.VSTS-Win|iPhoneSimulator.ActiveCfg = VSTS-Win|Any CPU
		{5EDC3600-B3AE-471C-A4BE-6DFC7E359EC9}.VSTS-Win|iPhoneSimulator.Deploy.0 = VSTS-Win|Any CPU
		{5EDC3600-B3AE-471C-A4BE-6DFC7E359EC9}.VSTS-Win|x64.ActiveCfg = VSTS-Win|Any CPU
		{5EDC3600-B3AE-471C-A4BE-6DFC7E359EC9}.VSTS-Win|x64.Build.0 = VSTS-Win|Any CPU
		{5EDC3600-B3AE-471C-A4BE-6DFC7E359EC9}.VSTS-Win|x86.ActiveCfg = VSTS-Win|Any CPU
		{5EDC3600-B3AE-471C-A4BE-6DFC7E359EC9}.VSTS-Win|x86.Build.0 = VSTS-Win|Any CPU
		{6774E44E-9965-410F-86FA-0BE4F9834A42}.Ad-Hoc|Any CPU.ActiveCfg = Release|Any CPU
		{6774E44E-9965-410F-86FA-0BE4F9834A42}.Ad-Hoc|Any CPU.Build.0 = Release|Any CPU
		{6774E44E-9965-410F-86FA-0BE4F9834A42}.Ad-Hoc|Any CPU.Deploy.0 = Release|Any CPU
		{6774E44E-9965-410F-86FA-0BE4F9834A42}.Ad-Hoc|ARM.ActiveCfg = Release|Any CPU
		{6774E44E-9965-410F-86FA-0BE4F9834A42}.Ad-Hoc|ARM.Build.0 = Release|Any CPU
		{6774E44E-9965-410F-86FA-0BE4F9834A42}.Ad-Hoc|ARM.Deploy.0 = Release|Any CPU
		{6774E44E-9965-410F-86FA-0BE4F9834A42}.Ad-Hoc|iPhone.ActiveCfg = Release|Any CPU
		{6774E44E-9965-410F-86FA-0BE4F9834A42}.Ad-Hoc|iPhone.Build.0 = Release|Any CPU
		{6774E44E-9965-410F-86FA-0BE4F9834A42}.Ad-Hoc|iPhone.Deploy.0 = Release|Any CPU
		{6774E44E-9965-410F-86FA-0BE4F9834A42}.Ad-Hoc|iPhoneSimulator.ActiveCfg = Release|Any CPU
		{6774E44E-9965-410F-86FA-0BE4F9834A42}.Ad-Hoc|iPhoneSimulator.Build.0 = Release|Any CPU
		{6774E44E-9965-410F-86FA-0BE4F9834A42}.Ad-Hoc|iPhoneSimulator.Deploy.0 = Release|Any CPU
		{6774E44E-9965-410F-86FA-0BE4F9834A42}.Ad-Hoc|x64.ActiveCfg = Release|Any CPU
		{6774E44E-9965-410F-86FA-0BE4F9834A42}.Ad-Hoc|x64.Build.0 = Release|Any CPU
		{6774E44E-9965-410F-86FA-0BE4F9834A42}.Ad-Hoc|x64.Deploy.0 = Release|Any CPU
		{6774E44E-9965-410F-86FA-0BE4F9834A42}.Ad-Hoc|x86.ActiveCfg = Release|Any CPU
		{6774E44E-9965-410F-86FA-0BE4F9834A42}.Ad-Hoc|x86.Build.0 = Release|Any CPU
		{6774E44E-9965-410F-86FA-0BE4F9834A42}.Ad-Hoc|x86.Deploy.0 = Release|Any CPU
		{6774E44E-9965-410F-86FA-0BE4F9834A42}.AppStore|Any CPU.ActiveCfg = Release|Any CPU
		{6774E44E-9965-410F-86FA-0BE4F9834A42}.AppStore|Any CPU.Build.0 = Release|Any CPU
		{6774E44E-9965-410F-86FA-0BE4F9834A42}.AppStore|Any CPU.Deploy.0 = Release|Any CPU
		{6774E44E-9965-410F-86FA-0BE4F9834A42}.AppStore|ARM.ActiveCfg = Release|Any CPU
		{6774E44E-9965-410F-86FA-0BE4F9834A42}.AppStore|ARM.Build.0 = Release|Any CPU
		{6774E44E-9965-410F-86FA-0BE4F9834A42}.AppStore|ARM.Deploy.0 = Release|Any CPU
		{6774E44E-9965-410F-86FA-0BE4F9834A42}.AppStore|iPhone.ActiveCfg = Release|Any CPU
		{6774E44E-9965-410F-86FA-0BE4F9834A42}.AppStore|iPhone.Build.0 = Release|Any CPU
		{6774E44E-9965-410F-86FA-0BE4F9834A42}.AppStore|iPhone.Deploy.0 = Release|Any CPU
		{6774E44E-9965-410F-86FA-0BE4F9834A42}.AppStore|iPhoneSimulator.ActiveCfg = Release|Any CPU
		{6774E44E-9965-410F-86FA-0BE4F9834A42}.AppStore|iPhoneSimulator.Build.0 = Release|Any CPU
		{6774E44E-9965-410F-86FA-0BE4F9834A42}.AppStore|iPhoneSimulator.Deploy.0 = Release|Any CPU
		{6774E44E-9965-410F-86FA-0BE4F9834A42}.AppStore|x64.ActiveCfg = Release|Any CPU
		{6774E44E-9965-410F-86FA-0BE4F9834A42}.AppStore|x64.Build.0 = Release|Any CPU
		{6774E44E-9965-410F-86FA-0BE4F9834A42}.AppStore|x64.Deploy.0 = Release|Any CPU
		{6774E44E-9965-410F-86FA-0BE4F9834A42}.AppStore|x86.ActiveCfg = Release|Any CPU
		{6774E44E-9965-410F-86FA-0BE4F9834A42}.AppStore|x86.Build.0 = Release|Any CPU
		{6774E44E-9965-410F-86FA-0BE4F9834A42}.AppStore|x86.Deploy.0 = Release|Any CPU
		{6774E44E-9965-410F-86FA-0BE4F9834A42}.Debug|Any CPU.ActiveCfg = Debug|Any CPU
		{6774E44E-9965-410F-86FA-0BE4F9834A42}.Debug|Any CPU.Build.0 = Debug|Any CPU
		{6774E44E-9965-410F-86FA-0BE4F9834A42}.Debug|Any CPU.Deploy.0 = Debug|Any CPU
		{6774E44E-9965-410F-86FA-0BE4F9834A42}.Debug|ARM.ActiveCfg = Debug|Any CPU
		{6774E44E-9965-410F-86FA-0BE4F9834A42}.Debug|ARM.Build.0 = Debug|Any CPU
		{6774E44E-9965-410F-86FA-0BE4F9834A42}.Debug|ARM.Deploy.0 = Debug|Any CPU
		{6774E44E-9965-410F-86FA-0BE4F9834A42}.Debug|iPhone.ActiveCfg = Debug|Any CPU
		{6774E44E-9965-410F-86FA-0BE4F9834A42}.Debug|iPhone.Build.0 = Debug|Any CPU
		{6774E44E-9965-410F-86FA-0BE4F9834A42}.Debug|iPhoneSimulator.ActiveCfg = Debug|Any CPU
		{6774E44E-9965-410F-86FA-0BE4F9834A42}.Debug|iPhoneSimulator.Build.0 = Debug|Any CPU
		{6774E44E-9965-410F-86FA-0BE4F9834A42}.Debug|iPhoneSimulator.Deploy.0 = Debug|Any CPU
		{6774E44E-9965-410F-86FA-0BE4F9834A42}.Debug|x64.ActiveCfg = Debug|Any CPU
		{6774E44E-9965-410F-86FA-0BE4F9834A42}.Debug|x64.Build.0 = Debug|Any CPU
		{6774E44E-9965-410F-86FA-0BE4F9834A42}.Debug|x64.Deploy.0 = Debug|Any CPU
		{6774E44E-9965-410F-86FA-0BE4F9834A42}.Debug|x86.ActiveCfg = Debug|Any CPU
		{6774E44E-9965-410F-86FA-0BE4F9834A42}.Debug|x86.Build.0 = Debug|Any CPU
		{6774E44E-9965-410F-86FA-0BE4F9834A42}.Debug|x86.Deploy.0 = Debug|Any CPU
		{6774E44E-9965-410F-86FA-0BE4F9834A42}.Release|Any CPU.ActiveCfg = Release|Any CPU
		{6774E44E-9965-410F-86FA-0BE4F9834A42}.Release|Any CPU.Build.0 = Release|Any CPU
		{6774E44E-9965-410F-86FA-0BE4F9834A42}.Release|Any CPU.Deploy.0 = Release|Any CPU
		{6774E44E-9965-410F-86FA-0BE4F9834A42}.Release|ARM.ActiveCfg = Release|Any CPU
		{6774E44E-9965-410F-86FA-0BE4F9834A42}.Release|ARM.Build.0 = Release|Any CPU
		{6774E44E-9965-410F-86FA-0BE4F9834A42}.Release|ARM.Deploy.0 = Release|Any CPU
		{6774E44E-9965-410F-86FA-0BE4F9834A42}.Release|iPhone.ActiveCfg = Release|Any CPU
		{6774E44E-9965-410F-86FA-0BE4F9834A42}.Release|iPhone.Build.0 = Release|Any CPU
		{6774E44E-9965-410F-86FA-0BE4F9834A42}.Release|iPhone.Deploy.0 = Release|Any CPU
		{6774E44E-9965-410F-86FA-0BE4F9834A42}.Release|iPhoneSimulator.ActiveCfg = Release|Any CPU
		{6774E44E-9965-410F-86FA-0BE4F9834A42}.Release|iPhoneSimulator.Build.0 = Release|Any CPU
		{6774E44E-9965-410F-86FA-0BE4F9834A42}.Release|iPhoneSimulator.Deploy.0 = Release|Any CPU
		{6774E44E-9965-410F-86FA-0BE4F9834A42}.Release|x64.ActiveCfg = Release|Any CPU
		{6774E44E-9965-410F-86FA-0BE4F9834A42}.Release|x64.Build.0 = Release|Any CPU
		{6774E44E-9965-410F-86FA-0BE4F9834A42}.Release|x64.Deploy.0 = Release|Any CPU
		{6774E44E-9965-410F-86FA-0BE4F9834A42}.Release|x86.ActiveCfg = Release|Any CPU
		{6774E44E-9965-410F-86FA-0BE4F9834A42}.Release|x86.Build.0 = Release|Any CPU
		{6774E44E-9965-410F-86FA-0BE4F9834A42}.Release|x86.Deploy.0 = Release|Any CPU
		{6774E44E-9965-410F-86FA-0BE4F9834A42}.VSTS-iOS|Any CPU.ActiveCfg = VSTS-iOS|Any CPU
		{6774E44E-9965-410F-86FA-0BE4F9834A42}.VSTS-iOS|ARM.ActiveCfg = VSTS-iOS|Any CPU
		{6774E44E-9965-410F-86FA-0BE4F9834A42}.VSTS-iOS|iPhone.ActiveCfg = VSTS-iOS|Any CPU
		{6774E44E-9965-410F-86FA-0BE4F9834A42}.VSTS-iOS|iPhoneSimulator.ActiveCfg = VSTS-iOS|Any CPU
		{6774E44E-9965-410F-86FA-0BE4F9834A42}.VSTS-iOS|x64.ActiveCfg = VSTS-iOS|Any CPU
		{6774E44E-9965-410F-86FA-0BE4F9834A42}.VSTS-iOS|x86.ActiveCfg = VSTS-iOS|Any CPU
		{6774E44E-9965-410F-86FA-0BE4F9834A42}.VSTS-Win|Any CPU.ActiveCfg = VSTS-Win|Any CPU
		{6774E44E-9965-410F-86FA-0BE4F9834A42}.VSTS-Win|ARM.ActiveCfg = VSTS-Win|Any CPU
		{6774E44E-9965-410F-86FA-0BE4F9834A42}.VSTS-Win|iPhone.ActiveCfg = VSTS-Win|Any CPU
		{6774E44E-9965-410F-86FA-0BE4F9834A42}.VSTS-Win|iPhoneSimulator.ActiveCfg = VSTS-Win|Any CPU
		{6774E44E-9965-410F-86FA-0BE4F9834A42}.VSTS-Win|x64.ActiveCfg = VSTS-Win|Any CPU
		{6774E44E-9965-410F-86FA-0BE4F9834A42}.VSTS-Win|x86.ActiveCfg = VSTS-Win|Any CPU
		{BB2A8E32-70C9-4B09-9A95-6643805CC77C}.Ad-Hoc|Any CPU.ActiveCfg = Ad-Hoc|iPhone
		{BB2A8E32-70C9-4B09-9A95-6643805CC77C}.Ad-Hoc|ARM.ActiveCfg = Ad-Hoc|iPhone
		{BB2A8E32-70C9-4B09-9A95-6643805CC77C}.Ad-Hoc|iPhone.ActiveCfg = Ad-Hoc|iPhone
		{BB2A8E32-70C9-4B09-9A95-6643805CC77C}.Ad-Hoc|iPhone.Build.0 = Ad-Hoc|iPhone
		{BB2A8E32-70C9-4B09-9A95-6643805CC77C}.Ad-Hoc|iPhoneSimulator.ActiveCfg = Ad-Hoc|iPhoneSimulator
		{BB2A8E32-70C9-4B09-9A95-6643805CC77C}.Ad-Hoc|iPhoneSimulator.Build.0 = Ad-Hoc|iPhoneSimulator
		{BB2A8E32-70C9-4B09-9A95-6643805CC77C}.Ad-Hoc|x64.ActiveCfg = Ad-Hoc|iPhone
		{BB2A8E32-70C9-4B09-9A95-6643805CC77C}.Ad-Hoc|x86.ActiveCfg = Ad-Hoc|iPhone
		{BB2A8E32-70C9-4B09-9A95-6643805CC77C}.AppStore|Any CPU.ActiveCfg = AppStore|iPhone
		{BB2A8E32-70C9-4B09-9A95-6643805CC77C}.AppStore|ARM.ActiveCfg = AppStore|iPhone
		{BB2A8E32-70C9-4B09-9A95-6643805CC77C}.AppStore|iPhone.ActiveCfg = AppStore|iPhone
		{BB2A8E32-70C9-4B09-9A95-6643805CC77C}.AppStore|iPhone.Build.0 = AppStore|iPhone
		{BB2A8E32-70C9-4B09-9A95-6643805CC77C}.AppStore|iPhoneSimulator.ActiveCfg = AppStore|iPhoneSimulator
		{BB2A8E32-70C9-4B09-9A95-6643805CC77C}.AppStore|iPhoneSimulator.Build.0 = AppStore|iPhoneSimulator
		{BB2A8E32-70C9-4B09-9A95-6643805CC77C}.AppStore|x64.ActiveCfg = AppStore|iPhone
		{BB2A8E32-70C9-4B09-9A95-6643805CC77C}.AppStore|x86.ActiveCfg = AppStore|iPhone
		{BB2A8E32-70C9-4B09-9A95-6643805CC77C}.Debug|Any CPU.ActiveCfg = Debug|iPhone
		{BB2A8E32-70C9-4B09-9A95-6643805CC77C}.Debug|ARM.ActiveCfg = Debug|iPhone
		{BB2A8E32-70C9-4B09-9A95-6643805CC77C}.Debug|iPhone.ActiveCfg = Debug|iPhone
		{BB2A8E32-70C9-4B09-9A95-6643805CC77C}.Debug|iPhoneSimulator.ActiveCfg = Debug|iPhoneSimulator
		{BB2A8E32-70C9-4B09-9A95-6643805CC77C}.Debug|iPhoneSimulator.Build.0 = Debug|iPhoneSimulator
		{BB2A8E32-70C9-4B09-9A95-6643805CC77C}.Debug|x64.ActiveCfg = Debug|iPhone
		{BB2A8E32-70C9-4B09-9A95-6643805CC77C}.Debug|x86.ActiveCfg = Debug|iPhone
		{BB2A8E32-70C9-4B09-9A95-6643805CC77C}.Release|Any CPU.ActiveCfg = Release|iPhone
		{BB2A8E32-70C9-4B09-9A95-6643805CC77C}.Release|ARM.ActiveCfg = Release|iPhone
		{BB2A8E32-70C9-4B09-9A95-6643805CC77C}.Release|iPhone.ActiveCfg = Release|iPhone
		{BB2A8E32-70C9-4B09-9A95-6643805CC77C}.Release|iPhone.Build.0 = Release|iPhone
		{BB2A8E32-70C9-4B09-9A95-6643805CC77C}.Release|iPhoneSimulator.ActiveCfg = Release|iPhoneSimulator
		{BB2A8E32-70C9-4B09-9A95-6643805CC77C}.Release|iPhoneSimulator.Build.0 = Release|iPhoneSimulator
		{BB2A8E32-70C9-4B09-9A95-6643805CC77C}.Release|x64.ActiveCfg = Release|iPhone
		{BB2A8E32-70C9-4B09-9A95-6643805CC77C}.Release|x86.ActiveCfg = Release|iPhone
		{BB2A8E32-70C9-4B09-9A95-6643805CC77C}.VSTS-iOS|Any CPU.ActiveCfg = VSTS-iOS|iPhone
		{BB2A8E32-70C9-4B09-9A95-6643805CC77C}.VSTS-iOS|Any CPU.Build.0 = VSTS-iOS|iPhone
		{BB2A8E32-70C9-4B09-9A95-6643805CC77C}.VSTS-iOS|Any CPU.Deploy.0 = VSTS-iOS|iPhone
		{BB2A8E32-70C9-4B09-9A95-6643805CC77C}.VSTS-iOS|ARM.ActiveCfg = VSTS-iOS|iPhone
		{BB2A8E32-70C9-4B09-9A95-6643805CC77C}.VSTS-iOS|ARM.Build.0 = VSTS-iOS|iPhone
		{BB2A8E32-70C9-4B09-9A95-6643805CC77C}.VSTS-iOS|iPhone.ActiveCfg = VSTS-iOS|iPhone
		{BB2A8E32-70C9-4B09-9A95-6643805CC77C}.VSTS-iOS|iPhone.Build.0 = VSTS-iOS|iPhone
		{BB2A8E32-70C9-4B09-9A95-6643805CC77C}.VSTS-iOS|iPhoneSimulator.ActiveCfg = VSTS-iOS|iPhoneSimulator
		{BB2A8E32-70C9-4B09-9A95-6643805CC77C}.VSTS-iOS|iPhoneSimulator.Build.0 = VSTS-iOS|iPhoneSimulator
		{BB2A8E32-70C9-4B09-9A95-6643805CC77C}.VSTS-iOS|x64.ActiveCfg = VSTS-iOS|iPhone
		{BB2A8E32-70C9-4B09-9A95-6643805CC77C}.VSTS-iOS|x64.Build.0 = VSTS-iOS|iPhone
		{BB2A8E32-70C9-4B09-9A95-6643805CC77C}.VSTS-iOS|x86.ActiveCfg = VSTS-iOS|iPhone
		{BB2A8E32-70C9-4B09-9A95-6643805CC77C}.VSTS-iOS|x86.Build.0 = VSTS-iOS|iPhone
		{BB2A8E32-70C9-4B09-9A95-6643805CC77C}.VSTS-Win|Any CPU.ActiveCfg = VSTS-Win|iPhone
		{BB2A8E32-70C9-4B09-9A95-6643805CC77C}.VSTS-Win|ARM.ActiveCfg = VSTS-Win|iPhone
		{BB2A8E32-70C9-4B09-9A95-6643805CC77C}.VSTS-Win|iPhone.ActiveCfg = VSTS-Win|iPhone
		{BB2A8E32-70C9-4B09-9A95-6643805CC77C}.VSTS-Win|iPhoneSimulator.ActiveCfg = VSTS-Win|iPhoneSimulator
		{BB2A8E32-70C9-4B09-9A95-6643805CC77C}.VSTS-Win|x64.ActiveCfg = VSTS-Win|iPhone
		{BB2A8E32-70C9-4B09-9A95-6643805CC77C}.VSTS-Win|x86.ActiveCfg = VSTS-Win|iPhone
		{8A9972B5-A90E-4140-A6B3-F84584A1BDFC}.Ad-Hoc|Any CPU.ActiveCfg = Release|Any CPU
		{8A9972B5-A90E-4140-A6B3-F84584A1BDFC}.Ad-Hoc|Any CPU.Build.0 = Release|Any CPU
		{8A9972B5-A90E-4140-A6B3-F84584A1BDFC}.Ad-Hoc|Any CPU.Deploy.0 = Release|Any CPU
		{8A9972B5-A90E-4140-A6B3-F84584A1BDFC}.Ad-Hoc|ARM.ActiveCfg = Release|ARM
		{8A9972B5-A90E-4140-A6B3-F84584A1BDFC}.Ad-Hoc|ARM.Build.0 = Release|ARM
		{8A9972B5-A90E-4140-A6B3-F84584A1BDFC}.Ad-Hoc|ARM.Deploy.0 = Release|ARM
		{8A9972B5-A90E-4140-A6B3-F84584A1BDFC}.Ad-Hoc|iPhone.ActiveCfg = Release|Any CPU
		{8A9972B5-A90E-4140-A6B3-F84584A1BDFC}.Ad-Hoc|iPhone.Build.0 = Release|Any CPU
		{8A9972B5-A90E-4140-A6B3-F84584A1BDFC}.Ad-Hoc|iPhone.Deploy.0 = Release|Any CPU
		{8A9972B5-A90E-4140-A6B3-F84584A1BDFC}.Ad-Hoc|iPhoneSimulator.ActiveCfg = Release|Any CPU
		{8A9972B5-A90E-4140-A6B3-F84584A1BDFC}.Ad-Hoc|iPhoneSimulator.Build.0 = Release|Any CPU
		{8A9972B5-A90E-4140-A6B3-F84584A1BDFC}.Ad-Hoc|iPhoneSimulator.Deploy.0 = Release|Any CPU
		{8A9972B5-A90E-4140-A6B3-F84584A1BDFC}.Ad-Hoc|x64.ActiveCfg = Release|Any CPU
		{8A9972B5-A90E-4140-A6B3-F84584A1BDFC}.Ad-Hoc|x64.Build.0 = Release|Any CPU
		{8A9972B5-A90E-4140-A6B3-F84584A1BDFC}.Ad-Hoc|x64.Deploy.0 = Release|Any CPU
		{8A9972B5-A90E-4140-A6B3-F84584A1BDFC}.Ad-Hoc|x86.ActiveCfg = Release|x86
		{8A9972B5-A90E-4140-A6B3-F84584A1BDFC}.Ad-Hoc|x86.Build.0 = Release|x86
		{8A9972B5-A90E-4140-A6B3-F84584A1BDFC}.Ad-Hoc|x86.Deploy.0 = Release|x86
		{8A9972B5-A90E-4140-A6B3-F84584A1BDFC}.AppStore|Any CPU.ActiveCfg = Release|Any CPU
		{8A9972B5-A90E-4140-A6B3-F84584A1BDFC}.AppStore|Any CPU.Build.0 = Release|Any CPU
		{8A9972B5-A90E-4140-A6B3-F84584A1BDFC}.AppStore|Any CPU.Deploy.0 = Release|Any CPU
		{8A9972B5-A90E-4140-A6B3-F84584A1BDFC}.AppStore|ARM.ActiveCfg = Release|ARM
		{8A9972B5-A90E-4140-A6B3-F84584A1BDFC}.AppStore|ARM.Build.0 = Release|ARM
		{8A9972B5-A90E-4140-A6B3-F84584A1BDFC}.AppStore|ARM.Deploy.0 = Release|ARM
		{8A9972B5-A90E-4140-A6B3-F84584A1BDFC}.AppStore|iPhone.ActiveCfg = Release|Any CPU
		{8A9972B5-A90E-4140-A6B3-F84584A1BDFC}.AppStore|iPhone.Build.0 = Release|Any CPU
		{8A9972B5-A90E-4140-A6B3-F84584A1BDFC}.AppStore|iPhone.Deploy.0 = Release|Any CPU
		{8A9972B5-A90E-4140-A6B3-F84584A1BDFC}.AppStore|iPhoneSimulator.ActiveCfg = Release|Any CPU
		{8A9972B5-A90E-4140-A6B3-F84584A1BDFC}.AppStore|iPhoneSimulator.Build.0 = Release|Any CPU
		{8A9972B5-A90E-4140-A6B3-F84584A1BDFC}.AppStore|iPhoneSimulator.Deploy.0 = Release|Any CPU
		{8A9972B5-A90E-4140-A6B3-F84584A1BDFC}.AppStore|x64.ActiveCfg = Release|Any CPU
		{8A9972B5-A90E-4140-A6B3-F84584A1BDFC}.AppStore|x64.Build.0 = Release|Any CPU
		{8A9972B5-A90E-4140-A6B3-F84584A1BDFC}.AppStore|x64.Deploy.0 = Release|Any CPU
		{8A9972B5-A90E-4140-A6B3-F84584A1BDFC}.AppStore|x86.ActiveCfg = Release|x86
		{8A9972B5-A90E-4140-A6B3-F84584A1BDFC}.AppStore|x86.Build.0 = Release|x86
		{8A9972B5-A90E-4140-A6B3-F84584A1BDFC}.AppStore|x86.Deploy.0 = Release|x86
		{8A9972B5-A90E-4140-A6B3-F84584A1BDFC}.Debug|Any CPU.ActiveCfg = Debug|ARM
		{8A9972B5-A90E-4140-A6B3-F84584A1BDFC}.Debug|Any CPU.Build.0 = Debug|ARM
		{8A9972B5-A90E-4140-A6B3-F84584A1BDFC}.Debug|Any CPU.Deploy.0 = Debug|ARM
		{8A9972B5-A90E-4140-A6B3-F84584A1BDFC}.Debug|ARM.ActiveCfg = Debug|ARM
		{8A9972B5-A90E-4140-A6B3-F84584A1BDFC}.Debug|ARM.Build.0 = Debug|ARM
		{8A9972B5-A90E-4140-A6B3-F84584A1BDFC}.Debug|ARM.Deploy.0 = Debug|ARM
		{8A9972B5-A90E-4140-A6B3-F84584A1BDFC}.Debug|iPhone.ActiveCfg = Debug|Any CPU
		{8A9972B5-A90E-4140-A6B3-F84584A1BDFC}.Debug|iPhoneSimulator.ActiveCfg = Debug|Any CPU
		{8A9972B5-A90E-4140-A6B3-F84584A1BDFC}.Debug|iPhoneSimulator.Build.0 = Debug|Any CPU
		{8A9972B5-A90E-4140-A6B3-F84584A1BDFC}.Debug|iPhoneSimulator.Deploy.0 = Debug|Any CPU
		{8A9972B5-A90E-4140-A6B3-F84584A1BDFC}.Debug|x64.ActiveCfg = Debug|Any CPU
		{8A9972B5-A90E-4140-A6B3-F84584A1BDFC}.Debug|x64.Build.0 = Debug|Any CPU
		{8A9972B5-A90E-4140-A6B3-F84584A1BDFC}.Debug|x64.Deploy.0 = Debug|Any CPU
		{8A9972B5-A90E-4140-A6B3-F84584A1BDFC}.Debug|x86.ActiveCfg = Debug|x86
		{8A9972B5-A90E-4140-A6B3-F84584A1BDFC}.Debug|x86.Build.0 = Debug|x86
		{8A9972B5-A90E-4140-A6B3-F84584A1BDFC}.Debug|x86.Deploy.0 = Debug|x86
		{8A9972B5-A90E-4140-A6B3-F84584A1BDFC}.Release|Any CPU.ActiveCfg = Release|Any CPU
		{8A9972B5-A90E-4140-A6B3-F84584A1BDFC}.Release|Any CPU.Build.0 = Release|Any CPU
		{8A9972B5-A90E-4140-A6B3-F84584A1BDFC}.Release|Any CPU.Deploy.0 = Release|Any CPU
		{8A9972B5-A90E-4140-A6B3-F84584A1BDFC}.Release|ARM.ActiveCfg = Release|ARM
		{8A9972B5-A90E-4140-A6B3-F84584A1BDFC}.Release|ARM.Build.0 = Release|ARM
		{8A9972B5-A90E-4140-A6B3-F84584A1BDFC}.Release|ARM.Deploy.0 = Release|ARM
		{8A9972B5-A90E-4140-A6B3-F84584A1BDFC}.Release|iPhone.ActiveCfg = Release|Any CPU
		{8A9972B5-A90E-4140-A6B3-F84584A1BDFC}.Release|iPhone.Build.0 = Release|Any CPU
		{8A9972B5-A90E-4140-A6B3-F84584A1BDFC}.Release|iPhone.Deploy.0 = Release|Any CPU
		{8A9972B5-A90E-4140-A6B3-F84584A1BDFC}.Release|iPhoneSimulator.ActiveCfg = Release|Any CPU
		{8A9972B5-A90E-4140-A6B3-F84584A1BDFC}.Release|iPhoneSimulator.Build.0 = Release|Any CPU
		{8A9972B5-A90E-4140-A6B3-F84584A1BDFC}.Release|iPhoneSimulator.Deploy.0 = Release|Any CPU
		{8A9972B5-A90E-4140-A6B3-F84584A1BDFC}.Release|x64.ActiveCfg = Release|Any CPU
		{8A9972B5-A90E-4140-A6B3-F84584A1BDFC}.Release|x64.Build.0 = Release|Any CPU
		{8A9972B5-A90E-4140-A6B3-F84584A1BDFC}.Release|x64.Deploy.0 = Release|Any CPU
		{8A9972B5-A90E-4140-A6B3-F84584A1BDFC}.Release|x86.ActiveCfg = Release|x86
		{8A9972B5-A90E-4140-A6B3-F84584A1BDFC}.Release|x86.Build.0 = Release|x86
		{8A9972B5-A90E-4140-A6B3-F84584A1BDFC}.Release|x86.Deploy.0 = Release|x86
		{8A9972B5-A90E-4140-A6B3-F84584A1BDFC}.VSTS-iOS|Any CPU.ActiveCfg = VSTS-iOS|Any CPU
		{8A9972B5-A90E-4140-A6B3-F84584A1BDFC}.VSTS-iOS|ARM.ActiveCfg = VSTS-iOS|ARM
		{8A9972B5-A90E-4140-A6B3-F84584A1BDFC}.VSTS-iOS|iPhone.ActiveCfg = VSTS-iOS|Any CPU
		{8A9972B5-A90E-4140-A6B3-F84584A1BDFC}.VSTS-iOS|iPhoneSimulator.ActiveCfg = VSTS-iOS|Any CPU
		{8A9972B5-A90E-4140-A6B3-F84584A1BDFC}.VSTS-iOS|x64.ActiveCfg = VSTS-iOS|Any CPU
		{8A9972B5-A90E-4140-A6B3-F84584A1BDFC}.VSTS-iOS|x86.ActiveCfg = VSTS-iOS|x86
		{8A9972B5-A90E-4140-A6B3-F84584A1BDFC}.VSTS-Win|Any CPU.ActiveCfg = VSTS-Win|Any CPU
		{8A9972B5-A90E-4140-A6B3-F84584A1BDFC}.VSTS-Win|Any CPU.Build.0 = VSTS-Win|Any CPU
		{8A9972B5-A90E-4140-A6B3-F84584A1BDFC}.VSTS-Win|ARM.ActiveCfg = VSTS-Win|ARM
		{8A9972B5-A90E-4140-A6B3-F84584A1BDFC}.VSTS-Win|ARM.Build.0 = VSTS-Win|ARM
		{8A9972B5-A90E-4140-A6B3-F84584A1BDFC}.VSTS-Win|iPhone.ActiveCfg = VSTS-Win|Any CPU
		{8A9972B5-A90E-4140-A6B3-F84584A1BDFC}.VSTS-Win|iPhoneSimulator.ActiveCfg = VSTS-Win|Any CPU
		{8A9972B5-A90E-4140-A6B3-F84584A1BDFC}.VSTS-Win|x64.ActiveCfg = VSTS-Win|Any CPU
		{8A9972B5-A90E-4140-A6B3-F84584A1BDFC}.VSTS-Win|x64.Build.0 = VSTS-Win|Any CPU
		{8A9972B5-A90E-4140-A6B3-F84584A1BDFC}.VSTS-Win|x86.ActiveCfg = VSTS-Win|x86
		{8A9972B5-A90E-4140-A6B3-F84584A1BDFC}.VSTS-Win|x86.Build.0 = VSTS-Win|x86
		{6A314E73-C17B-494E-B02E-0E0CFE358A35}.Ad-Hoc|Any CPU.ActiveCfg = Release|x86
		{6A314E73-C17B-494E-B02E-0E0CFE358A35}.Ad-Hoc|Any CPU.Build.0 = Release|x86
		{6A314E73-C17B-494E-B02E-0E0CFE358A35}.Ad-Hoc|Any CPU.Deploy.0 = Release|x86
		{6A314E73-C17B-494E-B02E-0E0CFE358A35}.Ad-Hoc|ARM.ActiveCfg = Release|ARM
		{6A314E73-C17B-494E-B02E-0E0CFE358A35}.Ad-Hoc|ARM.Build.0 = Release|ARM
		{6A314E73-C17B-494E-B02E-0E0CFE358A35}.Ad-Hoc|ARM.Deploy.0 = Release|ARM
		{6A314E73-C17B-494E-B02E-0E0CFE358A35}.Ad-Hoc|iPhone.ActiveCfg = Release|x86
		{6A314E73-C17B-494E-B02E-0E0CFE358A35}.Ad-Hoc|iPhone.Build.0 = Release|x86
		{6A314E73-C17B-494E-B02E-0E0CFE358A35}.Ad-Hoc|iPhone.Deploy.0 = Release|x86
		{6A314E73-C17B-494E-B02E-0E0CFE358A35}.Ad-Hoc|iPhoneSimulator.ActiveCfg = Release|x86
		{6A314E73-C17B-494E-B02E-0E0CFE358A35}.Ad-Hoc|iPhoneSimulator.Build.0 = Release|x86
		{6A314E73-C17B-494E-B02E-0E0CFE358A35}.Ad-Hoc|iPhoneSimulator.Deploy.0 = Release|x86
		{6A314E73-C17B-494E-B02E-0E0CFE358A35}.Ad-Hoc|x64.ActiveCfg = Release|x64
		{6A314E73-C17B-494E-B02E-0E0CFE358A35}.Ad-Hoc|x64.Build.0 = Release|x64
		{6A314E73-C17B-494E-B02E-0E0CFE358A35}.Ad-Hoc|x64.Deploy.0 = Release|x64
		{6A314E73-C17B-494E-B02E-0E0CFE358A35}.Ad-Hoc|x86.ActiveCfg = Release|x86
		{6A314E73-C17B-494E-B02E-0E0CFE358A35}.Ad-Hoc|x86.Build.0 = Release|x86
		{6A314E73-C17B-494E-B02E-0E0CFE358A35}.Ad-Hoc|x86.Deploy.0 = Release|x86
		{6A314E73-C17B-494E-B02E-0E0CFE358A35}.AppStore|Any CPU.ActiveCfg = Release|x86
		{6A314E73-C17B-494E-B02E-0E0CFE358A35}.AppStore|Any CPU.Build.0 = Release|x86
		{6A314E73-C17B-494E-B02E-0E0CFE358A35}.AppStore|Any CPU.Deploy.0 = Release|x86
		{6A314E73-C17B-494E-B02E-0E0CFE358A35}.AppStore|ARM.ActiveCfg = Release|ARM
		{6A314E73-C17B-494E-B02E-0E0CFE358A35}.AppStore|ARM.Build.0 = Release|ARM
		{6A314E73-C17B-494E-B02E-0E0CFE358A35}.AppStore|ARM.Deploy.0 = Release|ARM
		{6A314E73-C17B-494E-B02E-0E0CFE358A35}.AppStore|iPhone.ActiveCfg = Release|x86
		{6A314E73-C17B-494E-B02E-0E0CFE358A35}.AppStore|iPhone.Build.0 = Release|x86
		{6A314E73-C17B-494E-B02E-0E0CFE358A35}.AppStore|iPhone.Deploy.0 = Release|x86
		{6A314E73-C17B-494E-B02E-0E0CFE358A35}.AppStore|iPhoneSimulator.ActiveCfg = Release|x86
		{6A314E73-C17B-494E-B02E-0E0CFE358A35}.AppStore|iPhoneSimulator.Build.0 = Release|x86
		{6A314E73-C17B-494E-B02E-0E0CFE358A35}.AppStore|iPhoneSimulator.Deploy.0 = Release|x86
		{6A314E73-C17B-494E-B02E-0E0CFE358A35}.AppStore|x64.ActiveCfg = Release|x64
		{6A314E73-C17B-494E-B02E-0E0CFE358A35}.AppStore|x64.Build.0 = Release|x64
		{6A314E73-C17B-494E-B02E-0E0CFE358A35}.AppStore|x64.Deploy.0 = Release|x64
		{6A314E73-C17B-494E-B02E-0E0CFE358A35}.AppStore|x86.ActiveCfg = Release|x86
		{6A314E73-C17B-494E-B02E-0E0CFE358A35}.AppStore|x86.Build.0 = Release|x86
		{6A314E73-C17B-494E-B02E-0E0CFE358A35}.AppStore|x86.Deploy.0 = Release|x86
		{6A314E73-C17B-494E-B02E-0E0CFE358A35}.Debug|Any CPU.ActiveCfg = Debug|x86
		{6A314E73-C17B-494E-B02E-0E0CFE358A35}.Debug|Any CPU.Build.0 = Debug|x86
		{6A314E73-C17B-494E-B02E-0E0CFE358A35}.Debug|Any CPU.Deploy.0 = Debug|x86
		{6A314E73-C17B-494E-B02E-0E0CFE358A35}.Debug|ARM.ActiveCfg = Debug|ARM
		{6A314E73-C17B-494E-B02E-0E0CFE358A35}.Debug|ARM.Build.0 = Debug|ARM
		{6A314E73-C17B-494E-B02E-0E0CFE358A35}.Debug|ARM.Deploy.0 = Debug|ARM
		{6A314E73-C17B-494E-B02E-0E0CFE358A35}.Debug|iPhone.ActiveCfg = Debug|x86
		{6A314E73-C17B-494E-B02E-0E0CFE358A35}.Debug|iPhone.Build.0 = Debug|x86
		{6A314E73-C17B-494E-B02E-0E0CFE358A35}.Debug|iPhone.Deploy.0 = Debug|x86
		{6A314E73-C17B-494E-B02E-0E0CFE358A35}.Debug|iPhoneSimulator.ActiveCfg = Debug|x86
		{6A314E73-C17B-494E-B02E-0E0CFE358A35}.Debug|x64.ActiveCfg = Debug|x64
		{6A314E73-C17B-494E-B02E-0E0CFE358A35}.Debug|x64.Build.0 = Debug|x64
		{6A314E73-C17B-494E-B02E-0E0CFE358A35}.Debug|x64.Deploy.0 = Debug|x64
		{6A314E73-C17B-494E-B02E-0E0CFE358A35}.Debug|x86.ActiveCfg = Debug|x86
		{6A314E73-C17B-494E-B02E-0E0CFE358A35}.Debug|x86.Build.0 = Debug|x86
		{6A314E73-C17B-494E-B02E-0E0CFE358A35}.Debug|x86.Deploy.0 = Debug|x86
		{6A314E73-C17B-494E-B02E-0E0CFE358A35}.Release|Any CPU.ActiveCfg = Release|x86
		{6A314E73-C17B-494E-B02E-0E0CFE358A35}.Release|ARM.ActiveCfg = Release|ARM
		{6A314E73-C17B-494E-B02E-0E0CFE358A35}.Release|ARM.Build.0 = Release|ARM
		{6A314E73-C17B-494E-B02E-0E0CFE358A35}.Release|ARM.Deploy.0 = Release|ARM
		{6A314E73-C17B-494E-B02E-0E0CFE358A35}.Release|iPhone.ActiveCfg = Release|x86
		{6A314E73-C17B-494E-B02E-0E0CFE358A35}.Release|iPhoneSimulator.ActiveCfg = Release|x86
		{6A314E73-C17B-494E-B02E-0E0CFE358A35}.Release|x64.ActiveCfg = Release|x64
		{6A314E73-C17B-494E-B02E-0E0CFE358A35}.Release|x64.Build.0 = Release|x64
		{6A314E73-C17B-494E-B02E-0E0CFE358A35}.Release|x64.Deploy.0 = Release|x64
		{6A314E73-C17B-494E-B02E-0E0CFE358A35}.Release|x86.ActiveCfg = Release|x86
		{6A314E73-C17B-494E-B02E-0E0CFE358A35}.Release|x86.Build.0 = Release|x86
		{6A314E73-C17B-494E-B02E-0E0CFE358A35}.Release|x86.Deploy.0 = Release|x86
		{6A314E73-C17B-494E-B02E-0E0CFE358A35}.VSTS-iOS|Any CPU.ActiveCfg = VSTS-iOS|x86
		{6A314E73-C17B-494E-B02E-0E0CFE358A35}.VSTS-iOS|ARM.ActiveCfg = VSTS-iOS|ARM
		{6A314E73-C17B-494E-B02E-0E0CFE358A35}.VSTS-iOS|iPhone.ActiveCfg = VSTS-iOS|x86
		{6A314E73-C17B-494E-B02E-0E0CFE358A35}.VSTS-iOS|iPhoneSimulator.ActiveCfg = VSTS-iOS|x86
		{6A314E73-C17B-494E-B02E-0E0CFE358A35}.VSTS-iOS|x64.ActiveCfg = VSTS-iOS|x64
		{6A314E73-C17B-494E-B02E-0E0CFE358A35}.VSTS-iOS|x86.ActiveCfg = VSTS-iOS|x86
		{6A314E73-C17B-494E-B02E-0E0CFE358A35}.VSTS-Win|Any CPU.ActiveCfg = VSTS-Win|x86
		{6A314E73-C17B-494E-B02E-0E0CFE358A35}.VSTS-Win|Any CPU.Build.0 = VSTS-Win|x86
		{6A314E73-C17B-494E-B02E-0E0CFE358A35}.VSTS-Win|ARM.ActiveCfg = VSTS-Win|ARM
		{6A314E73-C17B-494E-B02E-0E0CFE358A35}.VSTS-Win|ARM.Build.0 = VSTS-Win|ARM
		{6A314E73-C17B-494E-B02E-0E0CFE358A35}.VSTS-Win|iPhone.ActiveCfg = VSTS-Win|x86
		{6A314E73-C17B-494E-B02E-0E0CFE358A35}.VSTS-Win|iPhoneSimulator.ActiveCfg = VSTS-Win|x86
		{6A314E73-C17B-494E-B02E-0E0CFE358A35}.VSTS-Win|x64.ActiveCfg = VSTS-Win|x64
		{6A314E73-C17B-494E-B02E-0E0CFE358A35}.VSTS-Win|x64.Build.0 = VSTS-Win|x64
		{6A314E73-C17B-494E-B02E-0E0CFE358A35}.VSTS-Win|x86.ActiveCfg = VSTS-Win|x86
		{6A314E73-C17B-494E-B02E-0E0CFE358A35}.VSTS-Win|x86.Build.0 = VSTS-Win|x86
		{EF30743B-9BC4-4A8F-BA17-5DBBF9976877}.Ad-Hoc|Any CPU.ActiveCfg = Release|Any CPU
		{EF30743B-9BC4-4A8F-BA17-5DBBF9976877}.Ad-Hoc|Any CPU.Build.0 = Release|Any CPU
		{EF30743B-9BC4-4A8F-BA17-5DBBF9976877}.Ad-Hoc|Any CPU.Deploy.0 = Release|Any CPU
		{EF30743B-9BC4-4A8F-BA17-5DBBF9976877}.Ad-Hoc|ARM.ActiveCfg = Release|ARM
		{EF30743B-9BC4-4A8F-BA17-5DBBF9976877}.Ad-Hoc|ARM.Build.0 = Release|ARM
		{EF30743B-9BC4-4A8F-BA17-5DBBF9976877}.Ad-Hoc|ARM.Deploy.0 = Release|ARM
		{EF30743B-9BC4-4A8F-BA17-5DBBF9976877}.Ad-Hoc|iPhone.ActiveCfg = Release|Any CPU
		{EF30743B-9BC4-4A8F-BA17-5DBBF9976877}.Ad-Hoc|iPhone.Build.0 = Release|Any CPU
		{EF30743B-9BC4-4A8F-BA17-5DBBF9976877}.Ad-Hoc|iPhone.Deploy.0 = Release|Any CPU
		{EF30743B-9BC4-4A8F-BA17-5DBBF9976877}.Ad-Hoc|iPhoneSimulator.ActiveCfg = Release|Any CPU
		{EF30743B-9BC4-4A8F-BA17-5DBBF9976877}.Ad-Hoc|iPhoneSimulator.Build.0 = Release|Any CPU
		{EF30743B-9BC4-4A8F-BA17-5DBBF9976877}.Ad-Hoc|iPhoneSimulator.Deploy.0 = Release|Any CPU
		{EF30743B-9BC4-4A8F-BA17-5DBBF9976877}.Ad-Hoc|x64.ActiveCfg = Release|x64
		{EF30743B-9BC4-4A8F-BA17-5DBBF9976877}.Ad-Hoc|x64.Build.0 = Release|x64
		{EF30743B-9BC4-4A8F-BA17-5DBBF9976877}.Ad-Hoc|x64.Deploy.0 = Release|x64
		{EF30743B-9BC4-4A8F-BA17-5DBBF9976877}.Ad-Hoc|x86.ActiveCfg = Release|x86
		{EF30743B-9BC4-4A8F-BA17-5DBBF9976877}.Ad-Hoc|x86.Build.0 = Release|x86
		{EF30743B-9BC4-4A8F-BA17-5DBBF9976877}.Ad-Hoc|x86.Deploy.0 = Release|x86
		{EF30743B-9BC4-4A8F-BA17-5DBBF9976877}.AppStore|Any CPU.ActiveCfg = Release|Any CPU
		{EF30743B-9BC4-4A8F-BA17-5DBBF9976877}.AppStore|Any CPU.Build.0 = Release|Any CPU
		{EF30743B-9BC4-4A8F-BA17-5DBBF9976877}.AppStore|Any CPU.Deploy.0 = Release|Any CPU
		{EF30743B-9BC4-4A8F-BA17-5DBBF9976877}.AppStore|ARM.ActiveCfg = Release|ARM
		{EF30743B-9BC4-4A8F-BA17-5DBBF9976877}.AppStore|ARM.Build.0 = Release|ARM
		{EF30743B-9BC4-4A8F-BA17-5DBBF9976877}.AppStore|ARM.Deploy.0 = Release|ARM
		{EF30743B-9BC4-4A8F-BA17-5DBBF9976877}.AppStore|iPhone.ActiveCfg = Release|Any CPU
		{EF30743B-9BC4-4A8F-BA17-5DBBF9976877}.AppStore|iPhone.Build.0 = Release|Any CPU
		{EF30743B-9BC4-4A8F-BA17-5DBBF9976877}.AppStore|iPhone.Deploy.0 = Release|Any CPU
		{EF30743B-9BC4-4A8F-BA17-5DBBF9976877}.AppStore|iPhoneSimulator.ActiveCfg = Release|Any CPU
		{EF30743B-9BC4-4A8F-BA17-5DBBF9976877}.AppStore|iPhoneSimulator.Build.0 = Release|Any CPU
		{EF30743B-9BC4-4A8F-BA17-5DBBF9976877}.AppStore|iPhoneSimulator.Deploy.0 = Release|Any CPU
		{EF30743B-9BC4-4A8F-BA17-5DBBF9976877}.AppStore|x64.ActiveCfg = Release|x64
		{EF30743B-9BC4-4A8F-BA17-5DBBF9976877}.AppStore|x64.Build.0 = Release|x64
		{EF30743B-9BC4-4A8F-BA17-5DBBF9976877}.AppStore|x64.Deploy.0 = Release|x64
		{EF30743B-9BC4-4A8F-BA17-5DBBF9976877}.AppStore|x86.ActiveCfg = Release|x86
		{EF30743B-9BC4-4A8F-BA17-5DBBF9976877}.AppStore|x86.Build.0 = Release|x86
		{EF30743B-9BC4-4A8F-BA17-5DBBF9976877}.AppStore|x86.Deploy.0 = Release|x86
		{EF30743B-9BC4-4A8F-BA17-5DBBF9976877}.Debug|Any CPU.ActiveCfg = Debug|x86
		{EF30743B-9BC4-4A8F-BA17-5DBBF9976877}.Debug|Any CPU.Build.0 = Debug|x86
		{EF30743B-9BC4-4A8F-BA17-5DBBF9976877}.Debug|Any CPU.Deploy.0 = Debug|x86
		{EF30743B-9BC4-4A8F-BA17-5DBBF9976877}.Debug|ARM.ActiveCfg = Debug|ARM
		{EF30743B-9BC4-4A8F-BA17-5DBBF9976877}.Debug|ARM.Build.0 = Debug|ARM
		{EF30743B-9BC4-4A8F-BA17-5DBBF9976877}.Debug|ARM.Deploy.0 = Debug|ARM
		{EF30743B-9BC4-4A8F-BA17-5DBBF9976877}.Debug|iPhone.ActiveCfg = Debug|Any CPU
		{EF30743B-9BC4-4A8F-BA17-5DBBF9976877}.Debug|iPhoneSimulator.ActiveCfg = Debug|Any CPU
		{EF30743B-9BC4-4A8F-BA17-5DBBF9976877}.Debug|iPhoneSimulator.Build.0 = Debug|Any CPU
		{EF30743B-9BC4-4A8F-BA17-5DBBF9976877}.Debug|iPhoneSimulator.Deploy.0 = Debug|Any CPU
		{EF30743B-9BC4-4A8F-BA17-5DBBF9976877}.Debug|x64.ActiveCfg = Debug|x64
		{EF30743B-9BC4-4A8F-BA17-5DBBF9976877}.Debug|x64.Build.0 = Debug|x64
		{EF30743B-9BC4-4A8F-BA17-5DBBF9976877}.Debug|x64.Deploy.0 = Debug|x64
		{EF30743B-9BC4-4A8F-BA17-5DBBF9976877}.Debug|x86.ActiveCfg = Debug|x86
		{EF30743B-9BC4-4A8F-BA17-5DBBF9976877}.Debug|x86.Build.0 = Debug|x86
		{EF30743B-9BC4-4A8F-BA17-5DBBF9976877}.Debug|x86.Deploy.0 = Debug|x86
		{EF30743B-9BC4-4A8F-BA17-5DBBF9976877}.Release|Any CPU.ActiveCfg = Release|Any CPU
		{EF30743B-9BC4-4A8F-BA17-5DBBF9976877}.Release|Any CPU.Build.0 = Release|Any CPU
		{EF30743B-9BC4-4A8F-BA17-5DBBF9976877}.Release|Any CPU.Deploy.0 = Release|Any CPU
		{EF30743B-9BC4-4A8F-BA17-5DBBF9976877}.Release|ARM.ActiveCfg = Release|ARM
		{EF30743B-9BC4-4A8F-BA17-5DBBF9976877}.Release|ARM.Build.0 = Release|ARM
		{EF30743B-9BC4-4A8F-BA17-5DBBF9976877}.Release|ARM.Deploy.0 = Release|ARM
		{EF30743B-9BC4-4A8F-BA17-5DBBF9976877}.Release|iPhone.ActiveCfg = Release|Any CPU
		{EF30743B-9BC4-4A8F-BA17-5DBBF9976877}.Release|iPhone.Build.0 = Release|Any CPU
		{EF30743B-9BC4-4A8F-BA17-5DBBF9976877}.Release|iPhone.Deploy.0 = Release|Any CPU
		{EF30743B-9BC4-4A8F-BA17-5DBBF9976877}.Release|iPhoneSimulator.ActiveCfg = Release|Any CPU
		{EF30743B-9BC4-4A8F-BA17-5DBBF9976877}.Release|iPhoneSimulator.Build.0 = Release|Any CPU
		{EF30743B-9BC4-4A8F-BA17-5DBBF9976877}.Release|iPhoneSimulator.Deploy.0 = Release|Any CPU
		{EF30743B-9BC4-4A8F-BA17-5DBBF9976877}.Release|x64.ActiveCfg = Release|x64
		{EF30743B-9BC4-4A8F-BA17-5DBBF9976877}.Release|x64.Build.0 = Release|x64
		{EF30743B-9BC4-4A8F-BA17-5DBBF9976877}.Release|x64.Deploy.0 = Release|x64
		{EF30743B-9BC4-4A8F-BA17-5DBBF9976877}.Release|x86.ActiveCfg = Release|x86
		{EF30743B-9BC4-4A8F-BA17-5DBBF9976877}.Release|x86.Build.0 = Release|x86
		{EF30743B-9BC4-4A8F-BA17-5DBBF9976877}.Release|x86.Deploy.0 = Release|x86
		{EF30743B-9BC4-4A8F-BA17-5DBBF9976877}.VSTS-iOS|Any CPU.ActiveCfg = VSTS-iOS|Any CPU
		{EF30743B-9BC4-4A8F-BA17-5DBBF9976877}.VSTS-iOS|ARM.ActiveCfg = VSTS-iOS|ARM
		{EF30743B-9BC4-4A8F-BA17-5DBBF9976877}.VSTS-iOS|iPhone.ActiveCfg = VSTS-iOS|Any CPU
		{EF30743B-9BC4-4A8F-BA17-5DBBF9976877}.VSTS-iOS|iPhoneSimulator.ActiveCfg = VSTS-iOS|Any CPU
		{EF30743B-9BC4-4A8F-BA17-5DBBF9976877}.VSTS-iOS|x64.ActiveCfg = VSTS-iOS|x64
		{EF30743B-9BC4-4A8F-BA17-5DBBF9976877}.VSTS-iOS|x86.ActiveCfg = VSTS-iOS|x86
		{EF30743B-9BC4-4A8F-BA17-5DBBF9976877}.VSTS-Win|Any CPU.ActiveCfg = VSTS-Win|Any CPU
		{EF30743B-9BC4-4A8F-BA17-5DBBF9976877}.VSTS-Win|Any CPU.Build.0 = VSTS-Win|Any CPU
		{EF30743B-9BC4-4A8F-BA17-5DBBF9976877}.VSTS-Win|ARM.ActiveCfg = VSTS-Win|ARM
		{EF30743B-9BC4-4A8F-BA17-5DBBF9976877}.VSTS-Win|ARM.Build.0 = VSTS-Win|ARM
		{EF30743B-9BC4-4A8F-BA17-5DBBF9976877}.VSTS-Win|iPhone.ActiveCfg = VSTS-Win|Any CPU
		{EF30743B-9BC4-4A8F-BA17-5DBBF9976877}.VSTS-Win|iPhoneSimulator.ActiveCfg = VSTS-Win|Any CPU
		{EF30743B-9BC4-4A8F-BA17-5DBBF9976877}.VSTS-Win|x64.ActiveCfg = VSTS-Win|x64
		{EF30743B-9BC4-4A8F-BA17-5DBBF9976877}.VSTS-Win|x64.Build.0 = VSTS-Win|x64
		{EF30743B-9BC4-4A8F-BA17-5DBBF9976877}.VSTS-Win|x86.ActiveCfg = VSTS-Win|x86
		{EF30743B-9BC4-4A8F-BA17-5DBBF9976877}.VSTS-Win|x86.Build.0 = VSTS-Win|x86
		{8B8DEB02-ABA7-4C02-905B-038B182FF985}.Ad-Hoc|Any CPU.ActiveCfg = Release|Any CPU
		{8B8DEB02-ABA7-4C02-905B-038B182FF985}.Ad-Hoc|Any CPU.Build.0 = Release|Any CPU
		{8B8DEB02-ABA7-4C02-905B-038B182FF985}.Ad-Hoc|ARM.ActiveCfg = Release|Any CPU
		{8B8DEB02-ABA7-4C02-905B-038B182FF985}.Ad-Hoc|ARM.Build.0 = Release|Any CPU
		{8B8DEB02-ABA7-4C02-905B-038B182FF985}.Ad-Hoc|iPhone.ActiveCfg = Release|Any CPU
		{8B8DEB02-ABA7-4C02-905B-038B182FF985}.Ad-Hoc|iPhone.Build.0 = Release|Any CPU
		{8B8DEB02-ABA7-4C02-905B-038B182FF985}.Ad-Hoc|iPhoneSimulator.ActiveCfg = Release|Any CPU
		{8B8DEB02-ABA7-4C02-905B-038B182FF985}.Ad-Hoc|iPhoneSimulator.Build.0 = Release|Any CPU
		{8B8DEB02-ABA7-4C02-905B-038B182FF985}.Ad-Hoc|x64.ActiveCfg = Release|Any CPU
		{8B8DEB02-ABA7-4C02-905B-038B182FF985}.Ad-Hoc|x64.Build.0 = Release|Any CPU
		{8B8DEB02-ABA7-4C02-905B-038B182FF985}.Ad-Hoc|x86.ActiveCfg = Release|Any CPU
		{8B8DEB02-ABA7-4C02-905B-038B182FF985}.Ad-Hoc|x86.Build.0 = Release|Any CPU
		{8B8DEB02-ABA7-4C02-905B-038B182FF985}.AppStore|Any CPU.ActiveCfg = Release|Any CPU
		{8B8DEB02-ABA7-4C02-905B-038B182FF985}.AppStore|Any CPU.Build.0 = Release|Any CPU
		{8B8DEB02-ABA7-4C02-905B-038B182FF985}.AppStore|ARM.ActiveCfg = Release|Any CPU
		{8B8DEB02-ABA7-4C02-905B-038B182FF985}.AppStore|ARM.Build.0 = Release|Any CPU
		{8B8DEB02-ABA7-4C02-905B-038B182FF985}.AppStore|iPhone.ActiveCfg = Release|Any CPU
		{8B8DEB02-ABA7-4C02-905B-038B182FF985}.AppStore|iPhone.Build.0 = Release|Any CPU
		{8B8DEB02-ABA7-4C02-905B-038B182FF985}.AppStore|iPhoneSimulator.ActiveCfg = Release|Any CPU
		{8B8DEB02-ABA7-4C02-905B-038B182FF985}.AppStore|iPhoneSimulator.Build.0 = Release|Any CPU
		{8B8DEB02-ABA7-4C02-905B-038B182FF985}.AppStore|x64.ActiveCfg = Release|Any CPU
		{8B8DEB02-ABA7-4C02-905B-038B182FF985}.AppStore|x64.Build.0 = Release|Any CPU
		{8B8DEB02-ABA7-4C02-905B-038B182FF985}.AppStore|x86.ActiveCfg = Release|Any CPU
		{8B8DEB02-ABA7-4C02-905B-038B182FF985}.AppStore|x86.Build.0 = Release|Any CPU
		{8B8DEB02-ABA7-4C02-905B-038B182FF985}.Debug|Any CPU.ActiveCfg = Debug|Any CPU
		{8B8DEB02-ABA7-4C02-905B-038B182FF985}.Debug|Any CPU.Build.0 = Debug|Any CPU
		{8B8DEB02-ABA7-4C02-905B-038B182FF985}.Debug|ARM.ActiveCfg = Debug|Any CPU
		{8B8DEB02-ABA7-4C02-905B-038B182FF985}.Debug|ARM.Build.0 = Debug|Any CPU
		{8B8DEB02-ABA7-4C02-905B-038B182FF985}.Debug|iPhone.ActiveCfg = Debug|Any CPU
		{8B8DEB02-ABA7-4C02-905B-038B182FF985}.Debug|iPhone.Build.0 = Debug|Any CPU
		{8B8DEB02-ABA7-4C02-905B-038B182FF985}.Debug|iPhoneSimulator.ActiveCfg = Debug|Any CPU
		{8B8DEB02-ABA7-4C02-905B-038B182FF985}.Debug|iPhoneSimulator.Build.0 = Debug|Any CPU
		{8B8DEB02-ABA7-4C02-905B-038B182FF985}.Debug|x64.ActiveCfg = Debug|Any CPU
		{8B8DEB02-ABA7-4C02-905B-038B182FF985}.Debug|x64.Build.0 = Debug|Any CPU
		{8B8DEB02-ABA7-4C02-905B-038B182FF985}.Debug|x86.ActiveCfg = Debug|Any CPU
		{8B8DEB02-ABA7-4C02-905B-038B182FF985}.Debug|x86.Build.0 = Debug|Any CPU
		{8B8DEB02-ABA7-4C02-905B-038B182FF985}.Release|Any CPU.ActiveCfg = Release|Any CPU
		{8B8DEB02-ABA7-4C02-905B-038B182FF985}.Release|Any CPU.Build.0 = Release|Any CPU
		{8B8DEB02-ABA7-4C02-905B-038B182FF985}.Release|ARM.ActiveCfg = Release|Any CPU
		{8B8DEB02-ABA7-4C02-905B-038B182FF985}.Release|ARM.Build.0 = Release|Any CPU
		{8B8DEB02-ABA7-4C02-905B-038B182FF985}.Release|iPhone.ActiveCfg = Release|Any CPU
		{8B8DEB02-ABA7-4C02-905B-038B182FF985}.Release|iPhone.Build.0 = Release|Any CPU
		{8B8DEB02-ABA7-4C02-905B-038B182FF985}.Release|iPhoneSimulator.ActiveCfg = Release|Any CPU
		{8B8DEB02-ABA7-4C02-905B-038B182FF985}.Release|iPhoneSimulator.Build.0 = Release|Any CPU
		{8B8DEB02-ABA7-4C02-905B-038B182FF985}.Release|x64.ActiveCfg = Release|Any CPU
		{8B8DEB02-ABA7-4C02-905B-038B182FF985}.Release|x64.Build.0 = Release|Any CPU
		{8B8DEB02-ABA7-4C02-905B-038B182FF985}.Release|x86.ActiveCfg = Release|Any CPU
		{8B8DEB02-ABA7-4C02-905B-038B182FF985}.Release|x86.Build.0 = Release|Any CPU
		{8B8DEB02-ABA7-4C02-905B-038B182FF985}.VSTS-iOS|Any CPU.ActiveCfg = VSTS-iOS|Any CPU
		{8B8DEB02-ABA7-4C02-905B-038B182FF985}.VSTS-iOS|ARM.ActiveCfg = VSTS-iOS|Any CPU
		{8B8DEB02-ABA7-4C02-905B-038B182FF985}.VSTS-iOS|iPhone.ActiveCfg = VSTS-iOS|Any CPU
		{8B8DEB02-ABA7-4C02-905B-038B182FF985}.VSTS-iOS|iPhoneSimulator.ActiveCfg = VSTS-iOS|Any CPU
		{8B8DEB02-ABA7-4C02-905B-038B182FF985}.VSTS-iOS|x64.ActiveCfg = VSTS-iOS|Any CPU
		{8B8DEB02-ABA7-4C02-905B-038B182FF985}.VSTS-iOS|x86.ActiveCfg = VSTS-iOS|Any CPU
		{8B8DEB02-ABA7-4C02-905B-038B182FF985}.VSTS-Win|Any CPU.ActiveCfg = VSTS-Win|Any CPU
		{8B8DEB02-ABA7-4C02-905B-038B182FF985}.VSTS-Win|Any CPU.Build.0 = VSTS-Win|Any CPU
		{8B8DEB02-ABA7-4C02-905B-038B182FF985}.VSTS-Win|ARM.ActiveCfg = VSTS-Win|Any CPU
		{8B8DEB02-ABA7-4C02-905B-038B182FF985}.VSTS-Win|ARM.Build.0 = VSTS-Win|Any CPU
		{8B8DEB02-ABA7-4C02-905B-038B182FF985}.VSTS-Win|iPhone.ActiveCfg = VSTS-Win|Any CPU
		{8B8DEB02-ABA7-4C02-905B-038B182FF985}.VSTS-Win|iPhoneSimulator.ActiveCfg = VSTS-Win|Any CPU
		{8B8DEB02-ABA7-4C02-905B-038B182FF985}.VSTS-Win|x64.ActiveCfg = VSTS-Win|Any CPU
		{8B8DEB02-ABA7-4C02-905B-038B182FF985}.VSTS-Win|x64.Build.0 = VSTS-Win|Any CPU
		{8B8DEB02-ABA7-4C02-905B-038B182FF985}.VSTS-Win|x86.ActiveCfg = VSTS-Win|Any CPU
		{8B8DEB02-ABA7-4C02-905B-038B182FF985}.VSTS-Win|x86.Build.0 = VSTS-Win|Any CPU
	EndGlobalSection
	GlobalSection(SolutionProperties) = preSolution
		HideSolutionNode = FALSE
	EndGlobalSection
	GlobalSection(NestedProjects) = preSolution
		{5EDC3600-B3AE-471C-A4BE-6DFC7E359EC9} = {BE797E1E-A3C9-4991-B5CA-1B1D328F67A1}
		{8B8DEB02-ABA7-4C02-905B-038B182FF985} = {BE797E1E-A3C9-4991-B5CA-1B1D328F67A1}
	EndGlobalSection
EndGlobal
